{
  "name": "liquimet",
  "lockfileVersion": 2,
  "requires": true,
  "packages": {
    "": {
      "dependencies": {
        "bootstrap-icons-font": "^2.0.7"
      }
    },
    "node_modules/bootstrap-icons-font": {
      "version": "2.0.7",
      "resolved": "https://registry.npmjs.org/bootstrap-icons-font/-/bootstrap-icons-font-2.0.7.tgz",
      "integrity": "sha512-KlOsKWx/9E7TngKfeOWhdnM1eQQ2LiyWEg+XJAlSZ3qtda7z/i/32ItKjqvcO1UgQf9oqokj1Xt1NX47+u9/FA=="
    }
  },
  "dependencies": {
    "bootstrap-icons-font": {
      "version": "2.0.7",
      "resolved": "https://registry.npmjs.org/bootstrap-icons-font/-/bootstrap-icons-font-2.0.7.tgz",
      "integrity": "sha512-KlOsKWx/9E7TngKfeOWhdnM1eQQ2LiyWEg+XJAlSZ3qtda7z/i/32ItKjqvcO1UgQf9oqokj1Xt1NX47+u9/FA=="
    }
  }
}
